
Microsoft Visual Studio Solution File, Format Version 12.00
# Visual Studio 15
VisualStudioVersion = 15.0.28010.2019
MinimumVisualStudioVersion = 10.0.40219.1
Project("{8BC9CEB8-8B4A-11D0-8D11-00A0C91BC942}") = "ksensor", "ksensor\ksensor.vcxproj", "{0DA724DC-1D8B-4BC7-BA64-BE55B390C74A}"
EndProject
Project("{8BC9CEB8-8B4A-11D0-8D11-00A0C91BC942}") = "usensor", "usensor\usensor.vcxproj", "{4796BFAE-5A86-4E58-A8A0-D117A51B4C8A}"
EndProject
Global
	GlobalSection(SolutionConfigurationPlatforms) = preSolution
		Debug|ARM = Debug|ARM
		Debug|ARM64 = Debug|ARM64
		Debug|x64 = Debug|x64
		Debug|x86 = Debug|x86
		Release|ARM = Release|ARM
		Release|ARM64 = Release|ARM64
		Release|x64 = Release|x64
		Release|x86 = Release|x86
	EndGlobalSection
	GlobalSection(ProjectConfigurationPlatforms) = postSolution
		{0DA724DC-1D8B-4BC7-BA64-BE55B390C74A}.Debug|ARM.ActiveCfg = Debug|ARM
		{0DA724DC-1D8B-4BC7-BA64-BE55B390C74A}.Debug|ARM.Build.0 = Debug|ARM
		{0DA724DC-1D8B-4BC7-BA64-BE55B390C74A}.Debug|ARM.Deploy.0 = Debug|ARM
		{0DA724DC-1D8B-4BC7-BA64-BE55B390C74A}.Debug|ARM64.ActiveCfg = Debug|ARM64
		{0DA724DC-1D8B-4BC7-BA64-BE55B390C74A}.Debug|ARM64.Build.0 = Debug|ARM64
		{0DA724DC-1D8B-4BC7-BA64-BE55B390C74A}.Debug|ARM64.Deploy.0 = Debug|ARM64
		{0DA724DC-1D8B-4BC7-BA64-BE55B390C74A}.Debug|x64.ActiveCfg = Debug|x64
		{0DA724DC-1D8B-4BC7-BA64-BE55B390C74A}.Debug|x64.Build.0 = Debug|x64
		{0DA724DC-1D8B-4BC7-BA64-BE55B390C74A}.Debug|x64.Deploy.0 = Debug|x64
		{0DA724DC-1D8B-4BC7-BA64-BE55B390C74A}.Debug|x86.ActiveCfg = Debug|Win32
		{0DA724DC-1D8B-4BC7-BA64-BE55B390C74A}.Debug|x86.Build.0 = Debug|Win32
		{0DA724DC-1D8B-4BC7-BA64-BE55B390C74A}.Debug|x86.Deploy.0 = Debug|Win32
		{0DA724DC-1D8B-4BC7-BA64-BE55B390C74A}.Release|ARM.ActiveCfg = Release|ARM
		{0DA724DC-1D8B-4BC7-BA64-BE55B390C74A}.Release|ARM.Build.0 = Release|ARM
		{0DA724DC-1D8B-4BC7-BA64-BE55B390C74A}.Release|ARM.Deploy.0 = Release|ARM
		{0DA724DC-1D8B-4BC7-BA64-BE55B390C74A}.Release|ARM64.ActiveCfg = Release|ARM64
		{0DA724DC-1D8B-4BC7-BA64-BE55B390C74A}.Release|ARM64.Build.0 = Release|ARM64
		{0DA724DC-1D8B-4BC7-BA64-BE55B390C74A}.Release|ARM64.Deploy.0 = Release|ARM64
		{0DA724DC-1D8B-4BC7-BA64-BE55B390C74A}.Release|x64.ActiveCfg = Release|x64
		{0DA724DC-1D8B-4BC7-BA64-BE55B390C74A}.Release|x64.Build.0 = Release|x64
		{0DA724DC-1D8B-4BC7-BA64-BE55B390C74A}.Release|x64.Deploy.0 = Release|x64
		{0DA724DC-1D8B-4BC7-BA64-BE55B390C74A}.Release|x86.ActiveCfg = Release|Win32
		{0DA724DC-1D8B-4BC7-BA64-BE55B390C74A}.Release|x86.Build.0 = Release|Win32
		{0DA724DC-1D8B-4BC7-BA64-BE55B390C74A}.Release|x86.Deploy.0 = Release|Win32
		{4796BFAE-5A86-4E58-A8A0-D117A51B4C8A}.Debug|ARM.ActiveCfg = Debug|Win32
		{4796BFAE-5A86-4E58-A8A0-D117A51B4C8A}.Debug|ARM64.ActiveCfg = Debug|Win32
		{4796BFAE-5A86-4E58-A8A0-D117A51B4C8A}.Debug|x64.ActiveCfg = Debug|x64
		{4796BFAE-5A86-4E58-A8A0-D117A51B4C8A}.Debug|x64.Build.0 = Debug|x64
		{4796BFAE-5A86-4E58-A8A0-D117A51B4C8A}.Debug|x86.ActiveCfg = Debug|Win32
		{4796BFAE-5A86-4E58-A8A0-D117A51B4C8A}.Debug|x86.Build.0 = Debug|Win32
		{4796BFAE-5A86-4E58-A8A0-D117A51B4C8A}.Release|ARM.ActiveCfg = Release|Win32
		{4796BFAE-5A86-4E58-A8A0-D117A51B4C8A}.Release|ARM64.ActiveCfg = Release|Win32
		{4796BFAE-5A86-4E58-A8A0-D117A51B4C8A}.Release|x64.ActiveCfg = Release|x64
		{4796BFAE-5A86-4E58-A8A0-D117A51B4C8A}.Release|x64.Build.0 = Release|x64
		{4796BFAE-5A86-4E58-A8A0-D117A51B4C8A}.Release|x86.ActiveCfg = Release|Win32
		{4796BFAE-5A86-4E58-A8A0-D117A51B4C8A}.Release|x86.Build.0 = Release|Win32
	EndGlobalSection
	GlobalSection(SolutionProperties) = preSolution
		HideSolutionNode = FALSE
	EndGlobalSection
	GlobalSection(ExtensibilityGlobals) = postSolution
		SolutionGuid = {A36D9DB9-4C65-41DD-B8DC-3E1A1F841F83}
	EndGlobalSection
EndGlobal
